{
  "nodes": {
    "nixpkgs": {
      "locked": {
        "lastModified": 1768346665,
        "narHash": "sha256-/N8w3ntU1g9B7JH0LkTZnvkLxTJzSe+NzDJ4jNOnuxU=",
        "owner": "nixos",
        "repo": "nixpkgs",
        "rev": "35308652a3eb7addbcbdb7b34fb556f49777387e",
        "type": "github"
      },
      "original": {
        "owner": "nixos",
        "repo": "nixpkgs",
        "type": "github"
      }
    },
    "root": {
      "inputs": {
        "nixpkgs": "nixpkgs"
      }
    }
  },
  "root": "root",
  "version": 7
}
